
Microsoft Visual Studio Solution File, Format Version 12.00
# Visual Studio Version 17
VisualStudioVersion = 17.5.2.0
MinimumVisualStudioVersion = 10.0.40219.1
Project("{FAE04EC0-301F-11D3-BF4B-00C04F79EFBC}") = "MyApiProject", "MyApiProject.csproj", "{C0D0E675-E8F9-D81F-0AA2-AC8D7C9F72D6}"
EndProject
Project("{2150E333-8FDC-42A3-9474-1A3956D46DE8}") = "Tests", "Tests", "{0AB3BF05-4346-4AA6-1389-037BE0695223}"
EndProject
Project("{2150E333-8FDC-42A3-9474-1A3956D46DE8}") = "RandevuControllerTest", "RandevuControllerTest", "{0C0BA3A0-573D-7E45-F1DD-E8478C3823F5}"
EndProject
Project("{FAE04EC0-301F-11D3-BF4B-00C04F79EFBC}") = "Tests", "Tests\RandevuControllerTest\Tests.csproj", "{82FDC3A2-C1C8-42EF-924B-5F1A0421A072}"
EndProject
Global
	GlobalSection(SolutionConfigurationPlatforms) = preSolution
		Debug|Any CPU = Debug|Any CPU
		Debug|x64 = Debug|x64
		Debug|x86 = Debug|x86
		Release|Any CPU = Release|Any CPU
		Release|x64 = Release|x64
		Release|x86 = Release|x86
	EndGlobalSection
	GlobalSection(ProjectConfigurationPlatforms) = postSolution
		{C0D0E675-E8F9-D81F-0AA2-AC8D7C9F72D6}.Debug|Any CPU.ActiveCfg = Debug|Any CPU
		{C0D0E675-E8F9-D81F-0AA2-AC8D7C9F72D6}.Debug|Any CPU.Build.0 = Debug|Any CPU
		{C0D0E675-E8F9-D81F-0AA2-AC8D7C9F72D6}.Debug|x64.ActiveCfg = Debug|Any CPU
		{C0D0E675-E8F9-D81F-0AA2-AC8D7C9F72D6}.Debug|x64.Build.0 = Debug|Any CPU
		{C0D0E675-E8F9-D81F-0AA2-AC8D7C9F72D6}.Debug|x86.ActiveCfg = Debug|Any CPU
		{C0D0E675-E8F9-D81F-0AA2-AC8D7C9F72D6}.Debug|x86.Build.0 = Debug|Any CPU
		{C0D0E675-E8F9-D81F-0AA2-AC8D7C9F72D6}.Release|Any CPU.ActiveCfg = Release|Any CPU
		{C0D0E675-E8F9-D81F-0AA2-AC8D7C9F72D6}.Release|Any CPU.Build.0 = Release|Any CPU
		{C0D0E675-E8F9-D81F-0AA2-AC8D7C9F72D6}.Release|x64.ActiveCfg = Release|Any CPU
		{C0D0E675-E8F9-D81F-0AA2-AC8D7C9F72D6}.Release|x64.Build.0 = Release|Any CPU
		{C0D0E675-E8F9-D81F-0AA2-AC8D7C9F72D6}.Release|x86.ActiveCfg = Release|Any CPU
		{C0D0E675-E8F9-D81F-0AA2-AC8D7C9F72D6}.Release|x86.Build.0 = Release|Any CPU
		{82FDC3A2-C1C8-42EF-924B-5F1A0421A072}.Debug|Any CPU.ActiveCfg = Debug|Any CPU
		{82FDC3A2-C1C8-42EF-924B-5F1A0421A072}.Debug|Any CPU.Build.0 = Debug|Any CPU
		{82FDC3A2-C1C8-42EF-924B-5F1A0421A072}.Debug|x64.ActiveCfg = Debug|Any CPU
		{82FDC3A2-C1C8-42EF-924B-5F1A0421A072}.Debug|x64.Build.0 = Debug|Any CPU
		{82FDC3A2-C1C8-42EF-924B-5F1A0421A072}.Debug|x86.ActiveCfg = Debug|Any CPU
		{82FDC3A2-C1C8-42EF-924B-5F1A0421A072}.Debug|x86.Build.0 = Debug|Any CPU
		{82FDC3A2-C1C8-42EF-924B-5F1A0421A072}.Release|Any CPU.ActiveCfg = Release|Any CPU
		{82FDC3A2-C1C8-42EF-924B-5F1A0421A072}.Release|Any CPU.Build.0 = Release|Any CPU
		{82FDC3A2-C1C8-42EF-924B-5F1A0421A072}.Release|x64.ActiveCfg = Release|Any CPU
		{82FDC3A2-C1C8-42EF-924B-5F1A0421A072}.Release|x64.Build.0 = Release|Any CPU
		{82FDC3A2-C1C8-42EF-924B-5F1A0421A072}.Release|x86.ActiveCfg = Release|Any CPU
		{82FDC3A2-C1C8-42EF-924B-5F1A0421A072}.Release|x86.Build.0 = Release|Any CPU
	EndGlobalSection
	GlobalSection(SolutionProperties) = preSolution
		HideSolutionNode = FALSE
	EndGlobalSection
	GlobalSection(NestedProjects) = preSolution
		{0C0BA3A0-573D-7E45-F1DD-E8478C3823F5} = {0AB3BF05-4346-4AA6-1389-037BE0695223}
		{82FDC3A2-C1C8-42EF-924B-5F1A0421A072} = {0C0BA3A0-573D-7E45-F1DD-E8478C3823F5}
	EndGlobalSection
	GlobalSection(ExtensibilityGlobals) = postSolution
		SolutionGuid = {8B6A9EDA-2437-40D7-A568-FAE080EA29BC}
	EndGlobalSection
EndGlobal
